
Microsoft Visual Studio Solution File, Format Version 12.00
# Visual Studio 15
VisualStudioVersion = 15.0.27130.2027
MinimumVisualStudioVersion = 10.0.40219.1
Project("{9A19103F-16F7-4668-BE54-9A1E7A4F7556}") = "Dynamics.NET", "Dynamics\Dynamics.NET.csproj", "{8228926A-9732-4D82-9134-E6DE61D03EB8}"
EndProject
Project("{FAE04EC0-301F-11D3-BF4B-00C04F79EFBC}") = "DynamicsTests", "DynamicsTests\DynamicsTests.csproj", "{475F5783-FE90-4010-BE39-1008B4A4B7E6}"
EndProject
Project("{FAE04EC0-301F-11D3-BF4B-00C04F79EFBC}") = "Dynamics.Constructors", "Dynamics.Constructors\Dynamics.Constructors.csproj", "{85B3D00D-49E3-4E5B-9EC9-DD13C640BB6D}"
EndProject
Project("{FAE04EC0-301F-11D3-BF4B-00C04F79EFBC}") = "Dynamics.Kinds", "Dynamics.Kinds\Dynamics.Kinds.csproj", "{3D807E6F-A24A-4776-ADCF-82DDEEA3BCE6}"
EndProject
Project("{FAE04EC0-301F-11D3-BF4B-00C04F79EFBC}") = "Dynamics.Reflection", "Dynamics.Reflection\Dynamics.Reflection.csproj", "{4D0914DA-0C8D-48DA-8445-7EC448A4FF2A}"
EndProject
Project("{FAE04EC0-301F-11D3-BF4B-00C04F79EFBC}") = "Dynamics.Dispatch", "Dynamics.Dispatch\Dynamics.Dispatch.csproj", "{77FFDCC6-1965-4740-BC40-50E4501137C5}"
EndProject
Project("{FAE04EC0-301F-11D3-BF4B-00C04F79EFBC}") = "Dynamics.Cyclic", "Dynamics.Cyclic\Dynamics.Cyclic.csproj", "{FF35D109-7EC8-407B-8BB4-200DE77DC222}"
EndProject
Project("{FAE04EC0-301F-11D3-BF4B-00C04F79EFBC}") = "Dynamics.Mutable", "Dynamics.Mutable\Dynamics.Mutable.csproj", "{69AAD124-CB85-4AB4-B859-D2D55FF82AD2}"
EndProject
Project("{FAE04EC0-301F-11D3-BF4B-00C04F79EFBC}") = "Dynamics.Copying", "Dynamics.Copying\Dynamics.Copying.csproj", "{86201D02-6B85-4619-9C40-C0BBDBB9A0B8}"
EndProject
Project("{FAE04EC0-301F-11D3-BF4B-00C04F79EFBC}") = "Dynamics.Defaults", "Dynamics.Defaults\Dynamics.Defaults.csproj", "{7329306B-A6D2-49C3-9771-51D843E8BBFA}"
EndProject
Project("{FAE04EC0-301F-11D3-BF4B-00C04F79EFBC}") = "Dynamics.Poco", "Dynamics.Poco\Dynamics.Poco.csproj", "{21C66464-FAC2-4E21-848C-34E7D30579ED}"
EndProject
Global
	GlobalSection(SolutionConfigurationPlatforms) = preSolution
		Debug|Any CPU = Debug|Any CPU
		Release|Any CPU = Release|Any CPU
	EndGlobalSection
	GlobalSection(ProjectConfigurationPlatforms) = postSolution
		{8228926A-9732-4D82-9134-E6DE61D03EB8}.Debug|Any CPU.ActiveCfg = Debug|Any CPU
		{8228926A-9732-4D82-9134-E6DE61D03EB8}.Debug|Any CPU.Build.0 = Debug|Any CPU
		{8228926A-9732-4D82-9134-E6DE61D03EB8}.Release|Any CPU.ActiveCfg = Release|Any CPU
		{8228926A-9732-4D82-9134-E6DE61D03EB8}.Release|Any CPU.Build.0 = Release|Any CPU
		{475F5783-FE90-4010-BE39-1008B4A4B7E6}.Debug|Any CPU.ActiveCfg = Debug|Any CPU
		{475F5783-FE90-4010-BE39-1008B4A4B7E6}.Debug|Any CPU.Build.0 = Debug|Any CPU
		{475F5783-FE90-4010-BE39-1008B4A4B7E6}.Release|Any CPU.ActiveCfg = Release|Any CPU
		{475F5783-FE90-4010-BE39-1008B4A4B7E6}.Release|Any CPU.Build.0 = Release|Any CPU
		{85B3D00D-49E3-4E5B-9EC9-DD13C640BB6D}.Debug|Any CPU.ActiveCfg = Debug|Any CPU
		{85B3D00D-49E3-4E5B-9EC9-DD13C640BB6D}.Debug|Any CPU.Build.0 = Debug|Any CPU
		{85B3D00D-49E3-4E5B-9EC9-DD13C640BB6D}.Release|Any CPU.ActiveCfg = Release|Any CPU
		{85B3D00D-49E3-4E5B-9EC9-DD13C640BB6D}.Release|Any CPU.Build.0 = Release|Any CPU
		{3D807E6F-A24A-4776-ADCF-82DDEEA3BCE6}.Debug|Any CPU.ActiveCfg = Debug|Any CPU
		{3D807E6F-A24A-4776-ADCF-82DDEEA3BCE6}.Debug|Any CPU.Build.0 = Debug|Any CPU
		{3D807E6F-A24A-4776-ADCF-82DDEEA3BCE6}.Release|Any CPU.ActiveCfg = Release|Any CPU
		{3D807E6F-A24A-4776-ADCF-82DDEEA3BCE6}.Release|Any CPU.Build.0 = Release|Any CPU
		{4D0914DA-0C8D-48DA-8445-7EC448A4FF2A}.Debug|Any CPU.ActiveCfg = Debug|Any CPU
		{4D0914DA-0C8D-48DA-8445-7EC448A4FF2A}.Debug|Any CPU.Build.0 = Debug|Any CPU
		{4D0914DA-0C8D-48DA-8445-7EC448A4FF2A}.Release|Any CPU.ActiveCfg = Release|Any CPU
		{4D0914DA-0C8D-48DA-8445-7EC448A4FF2A}.Release|Any CPU.Build.0 = Release|Any CPU
		{77FFDCC6-1965-4740-BC40-50E4501137C5}.Debug|Any CPU.ActiveCfg = Debug|Any CPU
		{77FFDCC6-1965-4740-BC40-50E4501137C5}.Debug|Any CPU.Build.0 = Debug|Any CPU
		{77FFDCC6-1965-4740-BC40-50E4501137C5}.Release|Any CPU.ActiveCfg = Release|Any CPU
		{77FFDCC6-1965-4740-BC40-50E4501137C5}.Release|Any CPU.Build.0 = Release|Any CPU
		{FF35D109-7EC8-407B-8BB4-200DE77DC222}.Debug|Any CPU.ActiveCfg = Debug|Any CPU
		{FF35D109-7EC8-407B-8BB4-200DE77DC222}.Debug|Any CPU.Build.0 = Debug|Any CPU
		{FF35D109-7EC8-407B-8BB4-200DE77DC222}.Release|Any CPU.ActiveCfg = Release|Any CPU
		{FF35D109-7EC8-407B-8BB4-200DE77DC222}.Release|Any CPU.Build.0 = Release|Any CPU
		{69AAD124-CB85-4AB4-B859-D2D55FF82AD2}.Debug|Any CPU.ActiveCfg = Debug|Any CPU
		{69AAD124-CB85-4AB4-B859-D2D55FF82AD2}.Debug|Any CPU.Build.0 = Debug|Any CPU
		{69AAD124-CB85-4AB4-B859-D2D55FF82AD2}.Release|Any CPU.ActiveCfg = Release|Any CPU
		{69AAD124-CB85-4AB4-B859-D2D55FF82AD2}.Release|Any CPU.Build.0 = Release|Any CPU
		{86201D02-6B85-4619-9C40-C0BBDBB9A0B8}.Debug|Any CPU.ActiveCfg = Debug|Any CPU
		{86201D02-6B85-4619-9C40-C0BBDBB9A0B8}.Debug|Any CPU.Build.0 = Debug|Any CPU
		{86201D02-6B85-4619-9C40-C0BBDBB9A0B8}.Release|Any CPU.ActiveCfg = Release|Any CPU
		{86201D02-6B85-4619-9C40-C0BBDBB9A0B8}.Release|Any CPU.Build.0 = Release|Any CPU
		{7329306B-A6D2-49C3-9771-51D843E8BBFA}.Debug|Any CPU.ActiveCfg = Debug|Any CPU
		{7329306B-A6D2-49C3-9771-51D843E8BBFA}.Debug|Any CPU.Build.0 = Debug|Any CPU
		{7329306B-A6D2-49C3-9771-51D843E8BBFA}.Release|Any CPU.ActiveCfg = Release|Any CPU
		{7329306B-A6D2-49C3-9771-51D843E8BBFA}.Release|Any CPU.Build.0 = Release|Any CPU
		{21C66464-FAC2-4E21-848C-34E7D30579ED}.Debug|Any CPU.ActiveCfg = Debug|Any CPU
		{21C66464-FAC2-4E21-848C-34E7D30579ED}.Debug|Any CPU.Build.0 = Debug|Any CPU
		{21C66464-FAC2-4E21-848C-34E7D30579ED}.Release|Any CPU.ActiveCfg = Release|Any CPU
		{21C66464-FAC2-4E21-848C-34E7D30579ED}.Release|Any CPU.Build.0 = Release|Any CPU
	EndGlobalSection
	GlobalSection(SolutionProperties) = preSolution
		HideSolutionNode = FALSE
	EndGlobalSection
	GlobalSection(ExtensibilityGlobals) = postSolution
		SolutionGuid = {1EC59621-2BE2-4818-8C04-524513F1A219}
	EndGlobalSection
EndGlobal
